// !$*UTF8*$!
{
	archiveVersion = 1;
	classes = {
	};
	objectVersion = 51;
	objects = {

/* Begin PBXBuildFile section */
		16BE3C903C68F2B85B4A6510 /* Pods_LeossageApp.framework in Frameworks */ = {isa = PBXBuildFile; fileRef = 59760DE1567FED0F3BDE3E53 /* Pods_LeossageApp.framework */; };
		862E606523198180009602FB /* AppDelegate.swift in Sources */ = {isa = PBXBuildFile; fileRef = 862E606423198180009602FB /* AppDelegate.swift */; };
		862E606723198180009602FB /* ViewController.swift in Sources */ = {isa = PBXBuildFile; fileRef = 862E606623198180009602FB /* ViewController.swift */; };
		862E606C23198180009602FB /* Assets.xcassets in Resources */ = {isa = PBXBuildFile; fileRef = 862E606B23198180009602FB /* Assets.xcassets */; };
		862E606F23198180009602FB /* LaunchScreen.storyboard in Resources */ = {isa = PBXBuildFile; fileRef = 862E606D23198180009602FB /* LaunchScreen.storyboard */; };
		862E607A23198409009602FB /* ReSwift.framework in Frameworks */ = {isa = PBXBuildFile; fileRef = 862E607923198409009602FB /* ReSwift.framework */; };
		862E607C2319846D009602FB /* LApi.swift in Sources */ = {isa = PBXBuildFile; fileRef = 862E607B2319846D009602FB /* LApi.swift */; };
		862E607F231984CE009602FB /* MessageModel.swift in Sources */ = {isa = PBXBuildFile; fileRef = 862E607E231984CE009602FB /* MessageModel.swift */; };
		862E6081231984D7009602FB /* UserModel.swift in Sources */ = {isa = PBXBuildFile; fileRef = 862E6080231984D7009602FB /* UserModel.swift */; };
		862E608323198975009602FB /* LoginViewController.swift in Sources */ = {isa = PBXBuildFile; fileRef = 862E608223198975009602FB /* LoginViewController.swift */; };
		862E608523198991009602FB /* BaseViewController.swift in Sources */ = {isa = PBXBuildFile; fileRef = 862E608423198991009602FB /* BaseViewController.swift */; };
		862E608723198AAF009602FB /* DefaultsKit.framework in Frameworks */ = {isa = PBXBuildFile; fileRef = 862E608623198AAF009602FB /* DefaultsKit.framework */; };
		862E608923198AAF009602FB /* GestureRecognizerClosures.framework in Frameworks */ = {isa = PBXBuildFile; fileRef = 862E608823198AAF009602FB /* GestureRecognizerClosures.framework */; };
		862E608B23198AAF009602FB /* SnapKit.framework in Frameworks */ = {isa = PBXBuildFile; fileRef = 862E608A23198AAF009602FB /* SnapKit.framework */; };
		862E608D23198AAF009602FB /* SwiftDate.framework in Frameworks */ = {isa = PBXBuildFile; fileRef = 862E608C23198AAF009602FB /* SwiftDate.framework */; };
		862E609023198EE4009602FB /* UIColor+Extensions.swift in Sources */ = {isa = PBXBuildFile; fileRef = 862E608F23198EE4009602FB /* UIColor+Extensions.swift */; };
		862E60962319942D009602FB /* AppState.swift in Sources */ = {isa = PBXBuildFile; fileRef = 862E60952319942D009602FB /* AppState.swift */; };
		862E6099231996AD009602FB /* Thunk.swift in Sources */ = {isa = PBXBuildFile; fileRef = 862E6098231996AD009602FB /* Thunk.swift */; };
		862E609B231996C1009602FB /* createThunkMiddleware.swift in Sources */ = {isa = PBXBuildFile; fileRef = 862E609A231996C1009602FB /* createThunkMiddleware.swift */; };
		862E60A22319BCD3009602FB /* AuthState.swift in Sources */ = {isa = PBXBuildFile; fileRef = 862E60A12319BCD3009602FB /* AuthState.swift */; };
		862E60A42319BD05009602FB /* AuthAction.swift in Sources */ = {isa = PBXBuildFile; fileRef = 862E60A32319BD05009602FB /* AuthAction.swift */; };
		862E60A72319BD52009602FB /* AuthReducer.swift in Sources */ = {isa = PBXBuildFile; fileRef = 862E60A62319BD52009602FB /* AuthReducer.swift */; };
		862E60A92319BE3E009602FB /* AppReducer.swift in Sources */ = {isa = PBXBuildFile; fileRef = 862E60A82319BE3E009602FB /* AppReducer.swift */; };
		862E60AD2319BE85009602FB /* Redux.swift in Sources */ = {isa = PBXBuildFile; fileRef = 862E60AC2319BE85009602FB /* Redux.swift */; };
		862E60B02319C1D7009602FB /* LoginProvider.swift in Sources */ = {isa = PBXBuildFile; fileRef = 862E60AF2319C1D7009602FB /* LoginProvider.swift */; };
		862E60B32319CB9C009602FB /* AppManager.swift in Sources */ = {isa = PBXBuildFile; fileRef = 862E60B22319CB9C009602FB /* AppManager.swift */; };
/* End PBXBuildFile section */

/* Begin PBXFileReference section */
		59760DE1567FED0F3BDE3E53 /* Pods_LeossageApp.framework */ = {isa = PBXFileReference; explicitFileType = wrapper.framework; includeInIndex = 0; path = Pods_LeossageApp.framework; sourceTree = BUILT_PRODUCTS_DIR; };
		6AE70D40807C9724C5300BD6 /* Pods-LeossageApp.release.xcconfig */ = {isa = PBXFileReference; includeInIndex = 1; lastKnownFileType = text.xcconfig; name = "Pods-LeossageApp.release.xcconfig"; path = "Target Support Files/Pods-LeossageApp/Pods-LeossageApp.release.xcconfig"; sourceTree = "<group>"; };
		862E606123198180009602FB /* LeossageApp.app */ = {isa = PBXFileReference; explicitFileType = wrapper.application; includeInIndex = 0; path = LeossageApp.app; sourceTree = BUILT_PRODUCTS_DIR; };
		862E606423198180009602FB /* AppDelegate.swift */ = {isa = PBXFileReference; lastKnownFileType = sourcecode.swift; path = AppDelegate.swift; sourceTree = "<group>"; };
		862E606623198180009602FB /* ViewController.swift */ = {isa = PBXFileReference; lastKnownFileType = sourcecode.swift; path = ViewController.swift; sourceTree = "<group>"; };
		862E606B23198180009602FB /* Assets.xcassets */ = {isa = PBXFileReference; lastKnownFileType = folder.assetcatalog; path = Assets.xcassets; sourceTree = "<group>"; };
		862E606E23198180009602FB /* Base */ = {isa = PBXFileReference; lastKnownFileType = file.storyboard; name = Base; path = Base.lproj/LaunchScreen.storyboard; sourceTree = "<group>"; };
		862E607023198180009602FB /* Info.plist */ = {isa = PBXFileReference; lastKnownFileType = text.plist.xml; path = Info.plist; sourceTree = "<group>"; };
		862E607923198409009602FB /* ReSwift.framework */ = {isa = PBXFileReference; explicitFileType = wrapper.framework; path = ReSwift.framework; sourceTree = BUILT_PRODUCTS_DIR; };
		862E607B2319846D009602FB /* LApi.swift */ = {isa = PBXFileReference; lastKnownFileType = sourcecode.swift; path = LApi.swift; sourceTree = "<group>"; };
		862E607E231984CE009602FB /* MessageModel.swift */ = {isa = PBXFileReference; lastKnownFileType = sourcecode.swift; path = MessageModel.swift; sourceTree = "<group>"; };
		862E6080231984D7009602FB /* UserModel.swift */ = {isa = PBXFileReference; lastKnownFileType = sourcecode.swift; path = UserModel.swift; sourceTree = "<group>"; };
		862E608223198975009602FB /* LoginViewController.swift */ = {isa = PBXFileReference; lastKnownFileType = sourcecode.swift; path = LoginViewController.swift; sourceTree = "<group>"; };
		862E608423198991009602FB /* BaseViewController.swift */ = {isa = PBXFileReference; lastKnownFileType = sourcecode.swift; path = BaseViewController.swift; sourceTree = "<group>"; };
		862E608623198AAF009602FB /* DefaultsKit.framework */ = {isa = PBXFileReference; explicitFileType = wrapper.framework; path = DefaultsKit.framework; sourceTree = BUILT_PRODUCTS_DIR; };
		862E608823198AAF009602FB /* GestureRecognizerClosures.framework */ = {isa = PBXFileReference; explicitFileType = wrapper.framework; path = GestureRecognizerClosures.framework; sourceTree = BUILT_PRODUCTS_DIR; };
		862E608A23198AAF009602FB /* SnapKit.framework */ = {isa = PBXFileReference; explicitFileType = wrapper.framework; path = SnapKit.framework; sourceTree = BUILT_PRODUCTS_DIR; };
		862E608C23198AAF009602FB /* SwiftDate.framework */ = {isa = PBXFileReference; explicitFileType = wrapper.framework; path = SwiftDate.framework; sourceTree = BUILT_PRODUCTS_DIR; };
		862E608F23198EE4009602FB /* UIColor+Extensions.swift */ = {isa = PBXFileReference; lastKnownFileType = sourcecode.swift; path = "UIColor+Extensions.swift"; sourceTree = "<group>"; };
		862E60952319942D009602FB /* AppState.swift */ = {isa = PBXFileReference; lastKnownFileType = sourcecode.swift; path = AppState.swift; sourceTree = "<group>"; };
		862E6098231996AD009602FB /* Thunk.swift */ = {isa = PBXFileReference; lastKnownFileType = sourcecode.swift; path = Thunk.swift; sourceTree = "<group>"; };
		862E609A231996C1009602FB /* createThunkMiddleware.swift */ = {isa = PBXFileReference; lastKnownFileType = sourcecode.swift; path = createThunkMiddleware.swift; sourceTree = "<group>"; };
		862E60A12319BCD3009602FB /* AuthState.swift */ = {isa = PBXFileReference; lastKnownFileType = sourcecode.swift; path = AuthState.swift; sourceTree = "<group>"; };
		862E60A32319BD05009602FB /* AuthAction.swift */ = {isa = PBXFileReference; lastKnownFileType = sourcecode.swift; path = AuthAction.swift; sourceTree = "<group>"; };
		862E60A62319BD52009602FB /* AuthReducer.swift */ = {isa = PBXFileReference; lastKnownFileType = sourcecode.swift; path = AuthReducer.swift; sourceTree = "<group>"; };
		862E60A82319BE3E009602FB /* AppReducer.swift */ = {isa = PBXFileReference; lastKnownFileType = sourcecode.swift; path = AppReducer.swift; sourceTree = "<group>"; };
		862E60AC2319BE85009602FB /* Redux.swift */ = {isa = PBXFileReference; lastKnownFileType = sourcecode.swift; path = Redux.swift; sourceTree = "<group>"; };
		862E60AF2319C1D7009602FB /* LoginProvider.swift */ = {isa = PBXFileReference; lastKnownFileType = sourcecode.swift; path = LoginProvider.swift; sourceTree = "<group>"; };
		862E60B22319CB9C009602FB /* AppManager.swift */ = {isa = PBXFileReference; lastKnownFileType = sourcecode.swift; path = AppManager.swift; sourceTree = "<group>"; };
		FDF41614FD131527AC9992B0 /* Pods-LeossageApp.debug.xcconfig */ = {isa = PBXFileReference; includeInIndex = 1; lastKnownFileType = text.xcconfig; name = "Pods-LeossageApp.debug.xcconfig"; path = "Target Support Files/Pods-LeossageApp/Pods-LeossageApp.debug.xcconfig"; sourceTree = "<group>"; };
/* End PBXFileReference section */

/* Begin PBXFrameworksBuildPhase section */
		862E605E23198180009602FB /* Frameworks */ = {
			isa = PBXFrameworksBuildPhase;
			buildActionMask = 2147483647;
			files = (
				862E608723198AAF009602FB /* DefaultsKit.framework in Frameworks */,
				862E608923198AAF009602FB /* GestureRecognizerClosures.framework in Frameworks */,
				862E608B23198AAF009602FB /* SnapKit.framework in Frameworks */,
				862E608D23198AAF009602FB /* SwiftDate.framework in Frameworks */,
				862E607A23198409009602FB /* ReSwift.framework in Frameworks */,
				16BE3C903C68F2B85B4A6510 /* Pods_LeossageApp.framework in Frameworks */,
			);
			runOnlyForDeploymentPostprocessing = 0;
		};
/* End PBXFrameworksBuildPhase section */

/* Begin PBXGroup section */
		5AD70DAF506ED82C9CD5D9E8 /* Frameworks */ = {
			isa = PBXGroup;
			children = (
				862E608623198AAF009602FB /* DefaultsKit.framework */,
				862E608823198AAF009602FB /* GestureRecognizerClosures.framework */,
				862E608A23198AAF009602FB /* SnapKit.framework */,
				862E608C23198AAF009602FB /* SwiftDate.framework */,
				862E607923198409009602FB /* ReSwift.framework */,
				59760DE1567FED0F3BDE3E53 /* Pods_LeossageApp.framework */,
			);
			name = Frameworks;
			sourceTree = "<group>";
		};
		862E605823198180009602FB = {
			isa = PBXGroup;
			children = (
				862E606323198180009602FB /* LeossageApp */,
				862E606223198180009602FB /* Products */,
				884526CD4DB78F3573B07E72 /* Pods */,
				5AD70DAF506ED82C9CD5D9E8 /* Frameworks */,
			);
			sourceTree = "<group>";
		};
		862E606223198180009602FB /* Products */ = {
			isa = PBXGroup;
			children = (
				862E606123198180009602FB /* LeossageApp.app */,
			);
			name = Products;
			sourceTree = "<group>";
		};
		862E606323198180009602FB /* LeossageApp */ = {
			isa = PBXGroup;
			children = (
				862E606423198180009602FB /* AppDelegate.swift */,
				862E608E23198ED5009602FB /* Extensions */,
				862E60B12319CB89009602FB /* Manager */,
				862E60AB2319BE7C009602FB /* Redux */,
				862E607823198389009602FB /* API */,
				862E607D231984B9009602FB /* Model */,
				862E607723198327009602FB /* ViewControllers */,
				862E607623198311009602FB /* SupportingFiles */,
			);
			path = LeossageApp;
			sourceTree = "<group>";
		};
		862E607623198311009602FB /* SupportingFiles */ = {
			isa = PBXGroup;
			children = (
				862E607023198180009602FB /* Info.plist */,
				862E606D23198180009602FB /* LaunchScreen.storyboard */,
				862E606B23198180009602FB /* Assets.xcassets */,
			);
			path = SupportingFiles;
			sourceTree = "<group>";
		};
		862E607723198327009602FB /* ViewControllers */ = {
			isa = PBXGroup;
			children = (
				862E608423198991009602FB /* BaseViewController.swift */,
				862E608223198975009602FB /* LoginViewController.swift */,
				862E606623198180009602FB /* ViewController.swift */,
			);
			path = ViewControllers;
			sourceTree = "<group>";
		};
		862E607823198389009602FB /* API */ = {
			isa = PBXGroup;
			children = (
				862E607B2319846D009602FB /* LApi.swift */,
				862E60AF2319C1D7009602FB /* LoginProvider.swift */,
			);
			path = API;
			sourceTree = "<group>";
		};
		862E607D231984B9009602FB /* Model */ = {
			isa = PBXGroup;
			children = (
				862E6080231984D7009602FB /* UserModel.swift */,
				862E607E231984CE009602FB /* MessageModel.swift */,
			);
			path = Model;
			sourceTree = "<group>";
		};
		862E608E23198ED5009602FB /* Extensions */ = {
			isa = PBXGroup;
			children = (
				862E608F23198EE4009602FB /* UIColor+Extensions.swift */,
			);
			path = Extensions;
			sourceTree = "<group>";
		};
		862E60942319941C009602FB /* State */ = {
			isa = PBXGroup;
			children = (
				862E60952319942D009602FB /* AppState.swift */,
				862E60A12319BCD3009602FB /* AuthState.swift */,
			);
			path = State;
			sourceTree = "<group>";
		};
		862E609723199691009602FB /* ReSwiftThunk */ = {
			isa = PBXGroup;
			children = (
				862E6098231996AD009602FB /* Thunk.swift */,
				862E609A231996C1009602FB /* createThunkMiddleware.swift */,
			);
			path = ReSwiftThunk;
			sourceTree = "<group>";
		};
		862E60A02319BCA4009602FB /* Actions */ = {
			isa = PBXGroup;
			children = (
				862E60A32319BD05009602FB /* AuthAction.swift */,
			);
			path = Actions;
			sourceTree = "<group>";
		};
		862E60A52319BD3A009602FB /* Reducer */ = {
			isa = PBXGroup;
			children = (
				862E60A82319BE3E009602FB /* AppReducer.swift */,
				862E60A62319BD52009602FB /* AuthReducer.swift */,
			);
			path = Reducer;
			sourceTree = "<group>";
		};
		862E60AB2319BE7C009602FB /* Redux */ = {
			isa = PBXGroup;
			children = (
				862E609723199691009602FB /* ReSwiftThunk */,
				862E60942319941C009602FB /* State */,
				862E60A02319BCA4009602FB /* Actions */,
				862E60A52319BD3A009602FB /* Reducer */,
				862E60AC2319BE85009602FB /* Redux.swift */,
			);
			path = Redux;
			sourceTree = "<group>";
		};
		862E60B12319CB89009602FB /* Manager */ = {
			isa = PBXGroup;
			children = (
				862E60B22319CB9C009602FB /* AppManager.swift */,
			);
			path = Manager;
			sourceTree = "<group>";
		};
		884526CD4DB78F3573B07E72 /* Pods */ = {
			isa = PBXGroup;
			children = (
				FDF41614FD131527AC9992B0 /* Pods-LeossageApp.debug.xcconfig */,
				6AE70D40807C9724C5300BD6 /* Pods-LeossageApp.release.xcconfig */,
			);
			path = Pods;
			sourceTree = "<group>";
		};
/* End PBXGroup section */

/* Begin PBXNativeTarget section */
		862E606023198180009602FB /* LeossageApp */ = {
			isa = PBXNativeTarget;
			buildConfigurationList = 862E607323198180009602FB /* Build configuration list for PBXNativeTarget "LeossageApp" */;
			buildPhases = (
				24A2FA2F9A149F0D40D07DBF /* [CP] Check Pods Manifest.lock */,
				862E605D23198180009602FB /* Sources */,
				862E605E23198180009602FB /* Frameworks */,
				862E605F23198180009602FB /* Resources */,
				82B90C7A09EF6F318C436E0E /* [CP] Embed Pods Frameworks */,
			);
			buildRules = (
			);
			dependencies = (
			);
			name = LeossageApp;
			productName = LeossageApp;
			productReference = 862E606123198180009602FB /* LeossageApp.app */;
			productType = "com.apple.product-type.application";
		};
/* End PBXNativeTarget section */

/* Begin PBXProject section */
		862E605923198180009602FB /* Project object */ = {
			isa = PBXProject;
			attributes = {
				LastSwiftUpdateCheck = 1030;
				LastUpgradeCheck = 1030;
				ORGANIZATIONNAME = CLevel;
				TargetAttributes = {
					862E606023198180009602FB = {
						CreatedOnToolsVersion = 10.3;
					};
				};
			};
			buildConfigurationList = 862E605C23198180009602FB /* Build configuration list for PBXProject "LeossageApp" */;
			compatibilityVersion = "Xcode 9.3";
			developmentRegion = en;
			hasScannedForEncodings = 0;
			knownRegions = (
				en,
				Base,
			);
			mainGroup = 862E605823198180009602FB;
			productRefGroup = 862E606223198180009602FB /* Products */;
			projectDirPath = "";
			projectRoot = "";
			targets = (
				862E606023198180009602FB /* LeossageApp */,
			);
		};
/* End PBXProject section */

/* Begin PBXResourcesBuildPhase section */
		862E605F23198180009602FB /* Resources */ = {
			isa = PBXResourcesBuildPhase;
			buildActionMask = 2147483647;
			files = (
				862E606F23198180009602FB /* LaunchScreen.storyboard in Resources */,
				862E606C23198180009602FB /* Assets.xcassets in Resources */,
			);
			runOnlyForDeploymentPostprocessing = 0;
		};
/* End PBXResourcesBuildPhase section */

/* Begin PBXShellScriptBuildPhase section */
		24A2FA2F9A149F0D40D07DBF /* [CP] Check Pods Manifest.lock */ = {
			isa = PBXShellScriptBuildPhase;
			buildActionMask = 2147483647;
			files = (
			);
			inputFileListPaths = (
			);
			inputPaths = (
				"${PODS_PODFILE_DIR_PATH}/Podfile.lock",
				"${PODS_ROOT}/Manifest.lock",
			);
			name = "[CP] Check Pods Manifest.lock";
			outputFileListPaths = (
			);
			outputPaths = (
				"$(DERIVED_FILE_DIR)/Pods-LeossageApp-checkManifestLockResult.txt",
			);
			runOnlyForDeploymentPostprocessing = 0;
			shellPath = /bin/sh;
			shellScript = "diff \"${PODS_PODFILE_DIR_PATH}/Podfile.lock\" \"${PODS_ROOT}/Manifest.lock\" > /dev/null\nif [ $? != 0 ] ; then\n    # print error to STDERR\n    echo \"error: The sandbox is not in sync with the Podfile.lock. Run 'pod install' or update your CocoaPods installation.\" >&2\n    exit 1\nfi\n# This output is used by Xcode 'outputs' to avoid re-running this script phase.\necho \"SUCCESS\" > \"${SCRIPT_OUTPUT_FILE_0}\"\n";
			showEnvVarsInLog = 0;
		};
		82B90C7A09EF6F318C436E0E /* [CP] Embed Pods Frameworks */ = {
			isa = PBXShellScriptBuildPhase;
			buildActionMask = 2147483647;
			files = (
			);
			inputFileListPaths = (
				"${PODS_ROOT}/Target Support Files/Pods-LeossageApp/Pods-LeossageApp-frameworks-${CONFIGURATION}-input-files.xcfilelist",
			);
			name = "[CP] Embed Pods Frameworks";
			outputFileListPaths = (
				"${PODS_ROOT}/Target Support Files/Pods-LeossageApp/Pods-LeossageApp-frameworks-${CONFIGURATION}-output-files.xcfilelist",
			);
			runOnlyForDeploymentPostprocessing = 0;
			shellPath = /bin/sh;
			shellScript = "\"${PODS_ROOT}/Target Support Files/Pods-LeossageApp/Pods-LeossageApp-frameworks.sh\"\n";
			showEnvVarsInLog = 0;
		};
/* End PBXShellScriptBuildPhase section */

/* Begin PBXSourcesBuildPhase section */
		862E605D23198180009602FB /* Sources */ = {
			isa = PBXSourcesBuildPhase;
			buildActionMask = 2147483647;
			files = (
				862E608323198975009602FB /* LoginViewController.swift in Sources */,
				862E60A22319BCD3009602FB /* AuthState.swift in Sources */,
				862E60A72319BD52009602FB /* AuthReducer.swift in Sources */,
				862E60B02319C1D7009602FB /* LoginProvider.swift in Sources */,
				862E60962319942D009602FB /* AppState.swift in Sources */,
				862E607C2319846D009602FB /* LApi.swift in Sources */,
				862E606723198180009602FB /* ViewController.swift in Sources */,
				862E609023198EE4009602FB /* UIColor+Extensions.swift in Sources */,
				862E60A42319BD05009602FB /* AuthAction.swift in Sources */,
				862E609B231996C1009602FB /* createThunkMiddleware.swift in Sources */,
				862E60A92319BE3E009602FB /* AppReducer.swift in Sources */,
				862E606523198180009602FB /* AppDelegate.swift in Sources */,
				862E6099231996AD009602FB /* Thunk.swift in Sources */,
				862E6081231984D7009602FB /* UserModel.swift in Sources */,
				862E608523198991009602FB /* BaseViewController.swift in Sources */,
				862E60B32319CB9C009602FB /* AppManager.swift in Sources */,
				862E60AD2319BE85009602FB /* Redux.swift in Sources */,
				862E607F231984CE009602FB /* MessageModel.swift in Sources */,
			);
			runOnlyForDeploymentPostprocessing = 0;
		};
/* End PBXSourcesBuildPhase section */

/* Begin PBXVariantGroup section */
		862E606D23198180009602FB /* LaunchScreen.storyboard */ = {
			isa = PBXVariantGroup;
			children = (
				862E606E23198180009602FB /* Base */,
			);
			name = LaunchScreen.storyboard;
			sourceTree = "<group>";
		};
/* End PBXVariantGroup section */

/* Begin XCBuildConfiguration section */
		862E607123198180009602FB /* Debug */ = {
			isa = XCBuildConfiguration;
			buildSettings = {
				ALWAYS_SEARCH_USER_PATHS = NO;
				CLANG_ANALYZER_NONNULL = YES;
				CLANG_ANALYZER_NUMBER_OBJECT_CONVERSION = YES_AGGRESSIVE;
				CLANG_CXX_LANGUAGE_STANDARD = "gnu++14";
				CLANG_CXX_LIBRARY = "libc++";
				CLANG_ENABLE_MODULES = YES;
				CLANG_ENABLE_OBJC_ARC = YES;
				CLANG_ENABLE_OBJC_WEAK = YES;
				CLANG_WARN_BLOCK_CAPTURE_AUTORELEASING = YES;
				CLANG_WARN_BOOL_CONVERSION = YES;
				CLANG_WARN_COMMA = YES;
				CLANG_WARN_CONSTANT_CONVERSION = YES;
				CLANG_WARN_DEPRECATED_OBJC_IMPLEMENTATIONS = YES;
				CLANG_WARN_DIRECT_OBJC_ISA_USAGE = YES_ERROR;
				CLANG_WARN_DOCUMENTATION_COMMENTS = YES;
				CLANG_WARN_EMPTY_BODY = YES;
				CLANG_WARN_ENUM_CONVERSION = YES;
				CLANG_WARN_INFINITE_RECURSION = YES;
				CLANG_WARN_INT_CONVERSION = YES;
				CLANG_WARN_NON_LITERAL_NULL_CONVERSION = YES;
				CLANG_WARN_OBJC_IMPLICIT_RETAIN_SELF = YES;
				CLANG_WARN_OBJC_LITERAL_CONVERSION = YES;
				CLANG_WARN_OBJC_ROOT_CLASS = YES_ERROR;
				CLANG_WARN_RANGE_LOOP_ANALYSIS = YES;
				CLANG_WARN_STRICT_PROTOTYPES = YES;
				CLANG_WARN_SUSPICIOUS_MOVE = YES;
				CLANG_WARN_UNGUARDED_AVAILABILITY = YES_AGGRESSIVE;
				CLANG_WARN_UNREACHABLE_CODE = YES;
				CLANG_WARN__DUPLICATE_METHOD_MATCH = YES;
				CODE_SIGN_IDENTITY = "iPhone Developer";
				COPY_PHASE_STRIP = NO;
				DEBUG_INFORMATION_FORMAT = dwarf;
				ENABLE_STRICT_OBJC_MSGSEND = YES;
				ENABLE_TESTABILITY = YES;
				GCC_C_LANGUAGE_STANDARD = gnu11;
				GCC_DYNAMIC_NO_PIC = NO;
				GCC_NO_COMMON_BLOCKS = YES;
				GCC_OPTIMIZATION_LEVEL = 0;
				GCC_PREPROCESSOR_DEFINITIONS = (
					"DEBUG=1",
					"$(inherited)",
				);
				GCC_WARN_64_TO_32_BIT_CONVERSION = YES;
				GCC_WARN_ABOUT_RETURN_TYPE = YES_ERROR;
				GCC_WARN_UNDECLARED_SELECTOR = YES;
				GCC_WARN_UNINITIALIZED_AUTOS = YES_AGGRESSIVE;
				GCC_WARN_UNUSED_FUNCTION = YES;
				GCC_WARN_UNUSED_VARIABLE = YES;
				IPHONEOS_DEPLOYMENT_TARGET = 12.4;
				MTL_ENABLE_DEBUG_INFO = INCLUDE_SOURCE;
				MTL_FAST_MATH = YES;
				ONLY_ACTIVE_ARCH = YES;
				SDKROOT = iphoneos;
				SWIFT_ACTIVE_COMPILATION_CONDITIONS = DEBUG;
				SWIFT_OPTIMIZATION_LEVEL = "-Onone";
			};
			name = Debug;
		};
		862E607223198180009602FB /* Release */ = {
			isa = XCBuildConfiguration;
			buildSettings = {
				ALWAYS_SEARCH_USER_PATHS = NO;
				CLANG_ANALYZER_NONNULL = YES;
				CLANG_ANALYZER_NUMBER_OBJECT_CONVERSION = YES_AGGRESSIVE;
				CLANG_CXX_LANGUAGE_STANDARD = "gnu++14";
				CLANG_CXX_LIBRARY = "libc++";
				CLANG_ENABLE_MODULES = YES;
				CLANG_ENABLE_OBJC_ARC = YES;
				CLANG_ENABLE_OBJC_WEAK = YES;
				CLANG_WARN_BLOCK_CAPTURE_AUTORELEASING = YES;
				CLANG_WARN_BOOL_CONVERSION = YES;
				CLANG_WARN_COMMA = YES;
				CLANG_WARN_CONSTANT_CONVERSION = YES;
				CLANG_WARN_DEPRECATED_OBJC_IMPLEMENTATIONS = YES;
				CLANG_WARN_DIRECT_OBJC_ISA_USAGE = YES_ERROR;
				CLANG_WARN_DOCUMENTATION_COMMENTS = YES;
				CLANG_WARN_EMPTY_BODY = YES;
				CLANG_WARN_ENUM_CONVERSION = YES;
				CLANG_WARN_INFINITE_RECURSION = YES;
				CLANG_WARN_INT_CONVERSION = YES;
				CLANG_WARN_NON_LITERAL_NULL_CONVERSION = YES;
				CLANG_WARN_OBJC_IMPLICIT_RETAIN_SELF = YES;
				CLANG_WARN_OBJC_LITERAL_CONVERSION = YES;
				CLANG_WARN_OBJC_ROOT_CLASS = YES_ERROR;
				CLANG_WARN_RANGE_LOOP_ANALYSIS = YES;
				CLANG_WARN_STRICT_PROTOTYPES = YES;
				CLANG_WARN_SUSPICIOUS_MOVE = YES;
				CLANG_WARN_UNGUARDED_AVAILABILITY = YES_AGGRESSIVE;
				CLANG_WARN_UNREACHABLE_CODE = YES;
				CLANG_WARN__DUPLICATE_METHOD_MATCH = YES;
				CODE_SIGN_IDENTITY = "iPhone Developer";
				COPY_PHASE_STRIP = NO;
				DEBUG_INFORMATION_FORMAT = "dwarf-with-dsym";
				ENABLE_NS_ASSERTIONS = NO;
				ENABLE_STRICT_OBJC_MSGSEND = YES;
				GCC_C_LANGUAGE_STANDARD = gnu11;
				GCC_NO_COMMON_BLOCKS = YES;
				GCC_WARN_64_TO_32_BIT_CONVERSION = YES;
				GCC_WARN_ABOUT_RETURN_TYPE = YES_ERROR;
				GCC_WARN_UNDECLARED_SELECTOR = YES;
				GCC_WARN_UNINITIALIZED_AUTOS = YES_AGGRESSIVE;
				GCC_WARN_UNUSED_FUNCTION = YES;
				GCC_WARN_UNUSED_VARIABLE = YES;
				IPHONEOS_DEPLOYMENT_TARGET = 12.4;
				MTL_ENABLE_DEBUG_INFO = NO;
				MTL_FAST_MATH = YES;
				SDKROOT = iphoneos;
				SWIFT_COMPILATION_MODE = wholemodule;
				SWIFT_OPTIMIZATION_LEVEL = "-O";
				VALIDATE_PRODUCT = YES;
			};
			name = Release;
		};
		862E607423198180009602FB /* Debug */ = {
			isa = XCBuildConfiguration;
			baseConfigurationReference = FDF41614FD131527AC9992B0 /* Pods-LeossageApp.debug.xcconfig */;
			buildSettings = {
				ASSETCATALOG_COMPILER_APPICON_NAME = AppIcon;
				CODE_SIGN_STYLE = Automatic;
				DEVELOPMENT_TEAM = 6AWJ67836H;
				INFOPLIST_FILE = "$(SRCROOT)/LeossageApp/SupportingFiles/Info.plist";
				LD_RUNPATH_SEARCH_PATHS = (
					"$(inherited)",
					"@executable_path/Frameworks",
				);
				PRODUCT_BUNDLE_IDENTIFIER = com.clb.leossage.app.LeossageApp;
				PRODUCT_NAME = "$(TARGET_NAME)";
				SWIFT_VERSION = 5.0;
				TARGETED_DEVICE_FAMILY = "1,2";
			};
			name = Debug;
		};
		862E607523198180009602FB /* Release */ = {
			isa = XCBuildConfiguration;
			baseConfigurationReference = 6AE70D40807C9724C5300BD6 /* Pods-LeossageApp.release.xcconfig */;
			buildSettings = {
				ASSETCATALOG_COMPILER_APPICON_NAME = AppIcon;
				CODE_SIGN_STYLE = Automatic;
				DEVELOPMENT_TEAM = 6AWJ67836H;
				INFOPLIST_FILE = "$(SRCROOT)/LeossageApp/SupportingFiles/Info.plist";
				LD_RUNPATH_SEARCH_PATHS = (
					"$(inherited)",
					"@executable_path/Frameworks",
				);
				PRODUCT_BUNDLE_IDENTIFIER = com.clb.leossage.app.LeossageApp;
				PRODUCT_NAME = "$(TARGET_NAME)";
				SWIFT_VERSION = 5.0;
				TARGETED_DEVICE_FAMILY = "1,2";
			};
			name = Release;
		};
/* End XCBuildConfiguration section */

/* Begin XCConfigurationList section */
		862E605C23198180009602FB /* Build configuration list for PBXProject "LeossageApp" */ = {
			isa = XCConfigurationList;
			buildConfigurations = (
				862E607123198180009602FB /* Debug */,
				862E607223198180009602FB /* Release */,
			);
			defaultConfigurationIsVisible = 0;
			defaultConfigurationName = Release;
		};
		862E607323198180009602FB /* Build configuration list for PBXNativeTarget "LeossageApp" */ = {
			isa = XCConfigurationList;
			buildConfigurations = (
				862E607423198180009602FB /* Debug */,
				862E607523198180009602FB /* Release */,
			);
			defaultConfigurationIsVisible = 0;
			defaultConfigurationName = Release;
		};
/* End XCConfigurationList section */
	};
	rootObject = 862E605923198180009602FB /* Project object */;
}
